// !$*UTF8*$!
{
	archiveVersion = 1;
	classes = {
	};
	objectVersion = 56;
	objects = {

/* Begin PBXBuildFile section */
		651858F929DA57F700317E90 /* main.c in Sources */ = {isa = PBXBuildFile; fileRef = 651858F829DA57F700317E90 /* main.c */; };
		6518590129DA598300317E90 /* TableHD.c in Sources */ = {isa = PBXBuildFile; fileRef = 6518590029DA598300317E90 /* TableHD.c */; };
		65E5B09A29DCBCCB00E1C218 /* getFunctions.c in Sources */ = {isa = PBXBuildFile; fileRef = 65E5B09929DCBCCB00E1C218 /* getFunctions.c */; };
		65E5B0A129DD1C8400E1C218 /* dialog.c in Sources */ = {isa = PBXBuildFile; fileRef = 65E5B0A029DD1C8400E1C218 /* dialog.c */; };
/* End PBXBuildFile section */

/* Begin PBXCopyFilesBuildPhase section */
		651858F329DA57F700317E90 /* CopyFiles */ = {
			isa = PBXCopyFilesBuildPhase;
			buildActionMask = 2147483647;
			dstPath = /usr/share/man/man1/;
			dstSubfolderSpec = 0;
			files = (
			);
			runOnlyForDeploymentPostprocessing = 1;
		};
/* End PBXCopyFilesBuildPhase section */

/* Begin PBXFileReference section */
		6510273829E4C86B005FF933 /* sas.bin */ = {isa = PBXFileReference; lastKnownFileType = archive.macbinary; path = sas.bin; sourceTree = "<group>"; };
		6510273929E4C88D005FF933 /* sas.txt */ = {isa = PBXFileReference; lastKnownFileType = text; path = sas.txt; sourceTree = "<group>"; };
		651858F529DA57F700317E90 /* lab3b */ = {isa = PBXFileReference; explicitFileType = "compiled.mach-o.executable"; includeInIndex = 0; path = lab3b; sourceTree = BUILT_PRODUCTS_DIR; };
		651858F829DA57F700317E90 /* main.c */ = {isa = PBXFileReference; lastKnownFileType = sourcecode.c.c; path = main.c; sourceTree = "<group>"; };
		651858FF29DA598300317E90 /* TableHD.h */ = {isa = PBXFileReference; lastKnownFileType = sourcecode.c.h; path = TableHD.h; sourceTree = "<group>"; };
		6518590029DA598300317E90 /* TableHD.c */ = {isa = PBXFileReference; lastKnownFileType = sourcecode.c.c; path = TableHD.c; sourceTree = "<group>"; };
		65E5B09829DCBCCB00E1C218 /* getFunctions.h */ = {isa = PBXFileReference; lastKnownFileType = sourcecode.c.h; path = getFunctions.h; sourceTree = "<group>"; };
		65E5B09929DCBCCB00E1C218 /* getFunctions.c */ = {isa = PBXFileReference; lastKnownFileType = sourcecode.c.c; path = getFunctions.c; sourceTree = "<group>"; };
		65E5B09E29DD17D300E1C218 /* test.bin */ = {isa = PBXFileReference; lastKnownFileType = archive.macbinary; path = test.bin; sourceTree = "<group>"; };
		65E5B09F29DD1C8400E1C218 /* dialog.h */ = {isa = PBXFileReference; fileEncoding = 4; lastKnownFileType = sourcecode.c.h; path = dialog.h; sourceTree = "<group>"; };
		65E5B0A029DD1C8400E1C218 /* dialog.c */ = {isa = PBXFileReference; fileEncoding = 4; lastKnownFileType = sourcecode.c.c; path = dialog.c; sourceTree = "<group>"; };
/* End PBXFileReference section */

/* Begin PBXFrameworksBuildPhase section */
		651858F229DA57F700317E90 /* Frameworks */ = {
			isa = PBXFrameworksBuildPhase;
			buildActionMask = 2147483647;
			files = (
			);
			runOnlyForDeploymentPostprocessing = 0;
		};
/* End PBXFrameworksBuildPhase section */

/* Begin PBXGroup section */
		651858EC29DA57F700317E90 = {
			isa = PBXGroup;
			children = (
				651858F729DA57F700317E90 /* lab3b */,
				651858F629DA57F700317E90 /* Products */,
			);
			sourceTree = "<group>";
		};
		651858F629DA57F700317E90 /* Products */ = {
			isa = PBXGroup;
			children = (
				651858F529DA57F700317E90 /* lab3b */,
			);
			name = Products;
			sourceTree = "<group>";
		};
		651858F729DA57F700317E90 /* lab3b */ = {
			isa = PBXGroup;
			children = (
				651858F829DA57F700317E90 /* main.c */,
				651858FF29DA598300317E90 /* TableHD.h */,
				6518590029DA598300317E90 /* TableHD.c */,
				65E5B09829DCBCCB00E1C218 /* getFunctions.h */,
				65E5B09929DCBCCB00E1C218 /* getFunctions.c */,
				65E5B09E29DD17D300E1C218 /* test.bin */,
				65E5B0A029DD1C8400E1C218 /* dialog.c */,
				65E5B09F29DD1C8400E1C218 /* dialog.h */,
				6510273829E4C86B005FF933 /* sas.bin */,
				6510273929E4C88D005FF933 /* sas.txt */,
			);
			path = lab3b;
			sourceTree = "<group>";
		};
/* End PBXGroup section */

/* Begin PBXNativeTarget section */
		651858F429DA57F700317E90 /* lab3b */ = {
			isa = PBXNativeTarget;
			buildConfigurationList = 651858FC29DA57F700317E90 /* Build configuration list for PBXNativeTarget "lab3b" */;
			buildPhases = (
				651858F129DA57F700317E90 /* Sources */,
				651858F229DA57F700317E90 /* Frameworks */,
				651858F329DA57F700317E90 /* CopyFiles */,
			);
			buildRules = (
			);
			dependencies = (
			);
			name = lab3b;
			productName = lab3b;
			productReference = 651858F529DA57F700317E90 /* lab3b */;
			productType = "com.apple.product-type.tool";
		};
/* End PBXNativeTarget section */

/* Begin PBXProject section */
		651858ED29DA57F700317E90 /* Project object */ = {
			isa = PBXProject;
			attributes = {
				BuildIndependentTargetsInParallel = 1;
				LastUpgradeCheck = 1430;
				TargetAttributes = {
					651858F429DA57F700317E90 = {
						CreatedOnToolsVersion = 14.3;
					};
				};
			};
			buildConfigurationList = 651858F029DA57F700317E90 /* Build configuration list for PBXProject "lab3b" */;
			compatibilityVersion = "Xcode 14.0";
			developmentRegion = en;
			hasScannedForEncodings = 0;
			knownRegions = (
				en,
				Base,
			);
			mainGroup = 651858EC29DA57F700317E90;
			productRefGroup = 651858F629DA57F700317E90 /* Products */;
			projectDirPath = "";
			projectRoot = "";
			targets = (
				651858F429DA57F700317E90 /* lab3b */,
			);
		};
/* End PBXProject section */

/* Begin PBXSourcesBuildPhase section */
		651858F129DA57F700317E90 /* Sources */ = {
			isa = PBXSourcesBuildPhase;
			buildActionMask = 2147483647;
			files = (
				6518590129DA598300317E90 /* TableHD.c in Sources */,
				65E5B0A129DD1C8400E1C218 /* dialog.c in Sources */,
				651858F929DA57F700317E90 /* main.c in Sources */,
				65E5B09A29DCBCCB00E1C218 /* getFunctions.c in Sources */,
			);
			runOnlyForDeploymentPostprocessing = 0;
		};
/* End PBXSourcesBuildPhase section */

/* Begin XCBuildConfiguration section */
		651858FA29DA57F700317E90 /* Debug */ = {
			isa = XCBuildConfiguration;
			buildSettings = {
				ALWAYS_SEARCH_USER_PATHS = NO;
				CLANG_ANALYZER_NONNULL = YES;
				CLANG_ANALYZER_NUMBER_OBJECT_CONVERSION = YES_AGGRESSIVE;
				CLANG_CXX_LANGUAGE_STANDARD = "gnu++20";
				CLANG_ENABLE_MODULES = YES;
				CLANG_ENABLE_OBJC_ARC = YES;
				CLANG_ENABLE_OBJC_WEAK = YES;
				CLANG_WARN_BLOCK_CAPTURE_AUTORELEASING = YES;
				CLANG_WARN_BOOL_CONVERSION = YES;
				CLANG_WARN_COMMA = YES;
				CLANG_WARN_CONSTANT_CONVERSION = YES;
				CLANG_WARN_DEPRECATED_OBJC_IMPLEMENTATIONS = YES;
				CLANG_WARN_DIRECT_OBJC_ISA_USAGE = YES_ERROR;
				CLANG_WARN_DOCUMENTATION_COMMENTS = YES;
				CLANG_WARN_EMPTY_BODY = YES;
				CLANG_WARN_ENUM_CONVERSION = YES;
				CLANG_WARN_INFINITE_RECURSION = YES;
				CLANG_WARN_INT_CONVERSION = YES;
				CLANG_WARN_NON_LITERAL_NULL_CONVERSION = YES;
				CLANG_WARN_OBJC_IMPLICIT_RETAIN_SELF = YES;
				CLANG_WARN_OBJC_LITERAL_CONVERSION = YES;
				CLANG_WARN_OBJC_ROOT_CLASS = YES_ERROR;
				CLANG_WARN_QUOTED_INCLUDE_IN_FRAMEWORK_HEADER = YES;
				CLANG_WARN_RANGE_LOOP_ANALYSIS = YES;
				CLANG_WARN_STRICT_PROTOTYPES = YES;
				CLANG_WARN_SUSPICIOUS_MOVE = YES;
				CLANG_WARN_UNGUARDED_AVAILABILITY = YES_AGGRESSIVE;
				CLANG_WARN_UNREACHABLE_CODE = YES;
				CLANG_WARN__DUPLICATE_METHOD_MATCH = YES;
				COPY_PHASE_STRIP = NO;
				DEBUG_INFORMATION_FORMAT = dwarf;
				ENABLE_STRICT_OBJC_MSGSEND = YES;
				ENABLE_TESTABILITY = YES;
				GCC_C_LANGUAGE_STANDARD = gnu11;
				GCC_DYNAMIC_NO_PIC = NO;
				GCC_NO_COMMON_BLOCKS = YES;
				GCC_OPTIMIZATION_LEVEL = 0;
				GCC_PREPROCESSOR_DEFINITIONS = (
					"DEBUG=1",
					"$(inherited)",
				);
				GCC_WARN_64_TO_32_BIT_CONVERSION = YES;
				GCC_WARN_ABOUT_RETURN_TYPE = YES_ERROR;
				GCC_WARN_UNDECLARED_SELECTOR = YES;
				GCC_WARN_UNINITIALIZED_AUTOS = YES_AGGRESSIVE;
				GCC_WARN_UNUSED_FUNCTION = YES;
				GCC_WARN_UNUSED_VARIABLE = YES;
				MACOSX_DEPLOYMENT_TARGET = 13.2;
				MTL_ENABLE_DEBUG_INFO = INCLUDE_SOURCE;
				MTL_FAST_MATH = YES;
				ONLY_ACTIVE_ARCH = YES;
				SDKROOT = macosx;
			};
			name = Debug;
		};
		651858FB29DA57F700317E90 /* Release */ = {
			isa = XCBuildConfiguration;
			buildSettings = {
				ALWAYS_SEARCH_USER_PATHS = NO;
				CLANG_ANALYZER_NONNULL = YES;
				CLANG_ANALYZER_NUMBER_OBJECT_CONVERSION = YES_AGGRESSIVE;
				CLANG_CXX_LANGUAGE_STANDARD = "gnu++20";
				CLANG_ENABLE_MODULES = YES;
				CLANG_ENABLE_OBJC_ARC = YES;
				CLANG_ENABLE_OBJC_WEAK = YES;
				CLANG_WARN_BLOCK_CAPTURE_AUTORELEASING = YES;
				CLANG_WARN_BOOL_CONVERSION = YES;
				CLANG_WARN_COMMA = YES;
				CLANG_WARN_CONSTANT_CONVERSION = YES;
				CLANG_WARN_DEPRECATED_OBJC_IMPLEMENTATIONS = YES;
				CLANG_WARN_DIRECT_OBJC_ISA_USAGE = YES_ERROR;
				CLANG_WARN_DOCUMENTATION_COMMENTS = YES;
				CLANG_WARN_EMPTY_BODY = YES;
				CLANG_WARN_ENUM_CONVERSION = YES;
				CLANG_WARN_INFINITE_RECURSION = YES;
				CLANG_WARN_INT_CONVERSION = YES;
				CLANG_WARN_NON_LITERAL_NULL_CONVERSION = YES;
				CLANG_WARN_OBJC_IMPLICIT_RETAIN_SELF = YES;
				CLANG_WARN_OBJC_LITERAL_CONVERSION = YES;
				CLANG_WARN_OBJC_ROOT_CLASS = YES_ERROR;
				CLANG_WARN_QUOTED_INCLUDE_IN_FRAMEWORK_HEADER = YES;
				CLANG_WARN_RANGE_LOOP_ANALYSIS = YES;
				CLANG_WARN_STRICT_PROTOTYPES = YES;
				CLANG_WARN_SUSPICIOUS_MOVE = YES;
				CLANG_WARN_UNGUARDED_AVAILABILITY = YES_AGGRESSIVE;
				CLANG_WARN_UNREACHABLE_CODE = YES;
				CLANG_WARN__DUPLICATE_METHOD_MATCH = YES;
				COPY_PHASE_STRIP = NO;
				DEBUG_INFORMATION_FORMAT = "dwarf-with-dsym";
				ENABLE_NS_ASSERTIONS = NO;
				ENABLE_STRICT_OBJC_MSGSEND = YES;
				GCC_C_LANGUAGE_STANDARD = gnu11;
				GCC_NO_COMMON_BLOCKS = YES;
				GCC_WARN_64_TO_32_BIT_CONVERSION = YES;
				GCC_WARN_ABOUT_RETURN_TYPE = YES_ERROR;
				GCC_WARN_UNDECLARED_SELECTOR = YES;
				GCC_WARN_UNINITIALIZED_AUTOS = YES_AGGRESSIVE;
				GCC_WARN_UNUSED_FUNCTION = YES;
				GCC_WARN_UNUSED_VARIABLE = YES;
				MACOSX_DEPLOYMENT_TARGET = 13.2;
				MTL_ENABLE_DEBUG_INFO = NO;
				MTL_FAST_MATH = YES;
				SDKROOT = macosx;
			};
			name = Release;
		};
		651858FD29DA57F700317E90 /* Debug */ = {
			isa = XCBuildConfiguration;
			buildSettings = {
				CODE_SIGN_STYLE = Automatic;
				DEVELOPMENT_TEAM = 3G4AG39AR6;
				ENABLE_HARDENED_RUNTIME = YES;
				PRODUCT_NAME = "$(TARGET_NAME)";
			};
			name = Debug;
		};
		651858FE29DA57F700317E90 /* Release */ = {
			isa = XCBuildConfiguration;
			buildSettings = {
				CODE_SIGN_STYLE = Automatic;
				DEVELOPMENT_TEAM = 3G4AG39AR6;
				ENABLE_HARDENED_RUNTIME = YES;
				PRODUCT_NAME = "$(TARGET_NAME)";
			};
			name = Release;
		};
/* End XCBuildConfiguration section */

/* Begin XCConfigurationList section */
		651858F029DA57F700317E90 /* Build configuration list for PBXProject "lab3b" */ = {
			isa = XCConfigurationList;
			buildConfigurations = (
				651858FA29DA57F700317E90 /* Debug */,
				651858FB29DA57F700317E90 /* Release */,
			);
			defaultConfigurationIsVisible = 0;
			defaultConfigurationName = Release;
		};
		651858FC29DA57F700317E90 /* Build configuration list for PBXNativeTarget "lab3b" */ = {
			isa = XCConfigurationList;
			buildConfigurations = (
				651858FD29DA57F700317E90 /* Debug */,
				651858FE29DA57F700317E90 /* Release */,
			);
			defaultConfigurationIsVisible = 0;
			defaultConfigurationName = Release;
		};
/* End XCConfigurationList section */
	};
	rootObject = 651858ED29DA57F700317E90 /* Project object */;
}
